
Microsoft Visual Studio Solution File, Format Version 12.00
# Visual Studio Version 16
VisualStudioVersion = 16.0.31019.35
MinimumVisualStudioVersion = 10.0.40219.1
Project("{FAE04EC0-301F-11D3-BF4B-00C04F79EFBC}") = "PuntoDeVenta", "PuntoDeVenta\PuntoDeVenta.csproj", "{DF1705E5-F8BD-4D96-9F61-8661B9D40709}"
EndProject
Global
	GlobalSection(SolutionConfigurationPlatforms) = preSolution
		Debug|Any CPU = Debug|Any CPU
		Release|Any CPU = Release|Any CPU
	EndGlobalSection
	GlobalSection(ProjectConfigurationPlatforms) = postSolution
		{DF1705E5-F8BD-4D96-9F61-8661B9D40709}.Debug|Any CPU.ActiveCfg = Debug|Any CPU
		{DF1705E5-F8BD-4D96-9F61-8661B9D40709}.Debug|Any CPU.Build.0 = Debug|Any CPU
		{DF1705E5-F8BD-4D96-9F61-8661B9D40709}.Release|Any CPU.ActiveCfg = Release|Any CPU
		{DF1705E5-F8BD-4D96-9F61-8661B9D40709}.Release|Any CPU.Build.0 = Release|Any CPU
	EndGlobalSection
	GlobalSection(SolutionProperties) = preSolution
		HideSolutionNode = FALSE
	EndGlobalSection
	GlobalSection(ExtensibilityGlobals) = postSolution
		SolutionGuid = {1752A72D-7099-461E-8391-CD0DB99622E7}
	EndGlobalSection
EndGlobal
